// !$*UTF8*$!
{
	archiveVersion = 1;
	classes = {
	};
	objectVersion = 77;
	objects = {

/* Begin PBXBuildFile section */
		01986F1197C2BEEAD218F119 /* WatchWorkoutModel.swift in Sources */ = {isa = PBXBuildFile; fileRef = 5C82B397520A9BD1BF35FC73 /* WatchWorkoutModel.swift */; };
		04DAD55A9ECB5E63EFEFFE21 /* RepsTests.swift in Sources */ = {isa = PBXBuildFile; fileRef = 1BBBDF092A6D10BCD7C83446 /* RepsTests.swift */; };
		052E8E4F5A9988448FDD4CF4 /* ExerciseLibraryView.swift in Sources */ = {isa = PBXBuildFile; fileRef = BE6D0F0B234F59F0C8C83FC9 /* ExerciseLibraryView.swift */; };
		06055B7E80A0CE0384CBD2B9 /* WorkoutShared.swift in Sources */ = {isa = PBXBuildFile; fileRef = AF2BB82DF974745D5746570F /* WorkoutShared.swift */; };
		07206A45CD3EC170B99BE60C /* MuscleMapProgressView.swift in Sources */ = {isa = PBXBuildFile; fileRef = 9482D3B7D2A2D87906F383A1 /* MuscleMapProgressView.swift */; };
		0837DD9FE86B93DE22FC986A /* RepsApp.swift in Sources */ = {isa = PBXBuildFile; fileRef = 139C9662D78E951B54E33A7E /* RepsApp.swift */; };
		090341499DBA89962BE3533C /* FreeWorkoutStartView.swift in Sources */ = {isa = PBXBuildFile; fileRef = 7DBDDBC7EE75CF493112E9D2 /* FreeWorkoutStartView.swift */; };
		0B564E591385D7ED6E8EC119 /* PulseTheme.swift in Sources */ = {isa = PBXBuildFile; fileRef = B91792D967FC5B2EDAE59ACD /* PulseTheme.swift */; };
		0C6BDC1A9655AF33E79C6847 /* Assets.xcassets in Resources */ = {isa = PBXBuildFile; fileRef = 8E9A6FDE53836377E8092FFF /* Assets.xcassets */; };
		0E00CC3C9F6C2159FB29A4C2 /* WorkoutDetailView.swift in Sources */ = {isa = PBXBuildFile; fileRef = DDACE73A69FB227E398FFFD2 /* WorkoutDetailView.swift */; };
		0EF2DDE77D4576BA9AF9C1E3 /* WorkoutAppleMusicPlayer.swift in Sources */ = {isa = PBXBuildFile; fileRef = 1B33244C64642C7FC7A82750 /* WorkoutAppleMusicPlayer.swift */; };
		1118218145E04D17172393ED /* RootView.swift in Sources */ = {isa = PBXBuildFile; fileRef = 54CD939A2CD9CE21F12AEBBF /* RootView.swift */; };
		12F65CD1C12A32E81565F376 /* ProgressView.swift in Sources */ = {isa = PBXBuildFile; fileRef = 29299AE9BE85F4DBEC4B9D50 /* ProgressView.swift */; };
		14E8046963CD0B8B192BEE1E /* SeedData.swift in Sources */ = {isa = PBXBuildFile; fileRef = CE9D2981F0A803B185345B94 /* SeedData.swift */; };
		15CB0EB913EA694C83854740 /* TodayView.swift in Sources */ = {isa = PBXBuildFile; fileRef = 5207FC54AA0F20CA9E4C36D1 /* TodayView.swift */; };
		1C113CE663705287C40AE3F9 /* ProfileView.swift in Sources */ = {isa = PBXBuildFile; fileRef = 5E1ADC30960DF398B94738B6 /* ProfileView.swift */; };
		1F71C791F60E1732B1959289 /* PersonalRecordsView.swift in Sources */ = {isa = PBXBuildFile; fileRef = F769218F07AF074BD84F1669 /* PersonalRecordsView.swift */; };
		20CDD5893A7DADBC1E35B857 /* WorkoutLibraryView.swift in Sources */ = {isa = PBXBuildFile; fileRef = 1DCD64ED32F8198042C69E79 /* WorkoutLibraryView.swift */; };
		22DCD6674BD063A7C0C43FCF /* CalendarView.swift in Sources */ = {isa = PBXBuildFile; fileRef = 5163BBD811D7D834ECBC728F /* CalendarView.swift */; };
		24AE3436E9DC925BEC8A64F3 /* ActiveWorkoutView.swift in Sources */ = {isa = PBXBuildFile; fileRef = BC2E966C3D2F2713A83D63E5 /* ActiveWorkoutView.swift */; };
		2A9BF5CDB17A991E28B3A74B /* WatchCommandRouter.swift in Sources */ = {isa = PBXBuildFile; fileRef = 5DC383781C9E3DFE49567082 /* WatchCommandRouter.swift */; };
		2ABF561564BE7D2EA74653D0 /* RepsWatch Watch App.app in Embed Watch Content */ = {isa = PBXBuildFile; fileRef = 21F1B20DC7F7FF304A4F8389 /* RepsWatch Watch App.app */; settings = {ATTRIBUTES = (RemoveHeadersOnCopy, ); }; };
		2C4262A4811D850926599860 /* FirebaseAnalyticsCore in Frameworks */ = {isa = PBXBuildFile; productRef = A919F65DA9E48BD686C70574 /* FirebaseAnalyticsCore */; };
		2CE1186057C17FA8F3F47502 /* ProgressionRecommendationCard.swift in Sources */ = {isa = PBXBuildFile; fileRef = C5BF1ED538CBE15F2EDE37AE /* ProgressionRecommendationCard.swift */; };
		2D2EC1841DDA45A8378AF351 /* CameraPicker.swift in Sources */ = {isa = PBXBuildFile; fileRef = A7546415D658D1F30651D879 /* CameraPicker.swift */; };
		3269325047E0B1E7C0434CED /* RepsWorkoutWidget.swift in Sources */ = {isa = PBXBuildFile; fileRef = E8A8D63D611CC32BFF2A8AFD /* RepsWorkoutWidget.swift */; };
		35FAA03EF8B2445CA6A24D09 /* Models.swift in Sources */ = {isa = PBXBuildFile; fileRef = 0B97E952AF94341517324563 /* Models.swift */; };
		38D6BEAA0601476C8876C49B /* StreakRepFit.icon in Resources */ = {isa = PBXBuildFile; fileRef = A4DE72887693FA584DACF153 /* StreakRepFit.icon */; };
		3C778549F2E3F1EA31F5BE72 /* ActiveWorkoutExerciseOrderComponents.swift in Sources */ = {isa = PBXBuildFile; fileRef = C3A9CCD420922854020A7B5F /* ActiveWorkoutExerciseOrderComponents.swift */; };
		3CAE41B17E3ED1DB65A4C116 /* Assets.xcassets in Resources */ = {isa = PBXBuildFile; fileRef = 9055371D6F3FC5EB8456BF60 /* Assets.xcassets */; };
		3D10070D4B99F825EADAF29C /* Localizable.xcstrings in Resources */ = {isa = PBXBuildFile; fileRef = 993ED47C6A26814D8131BB84 /* Localizable.xcstrings */; };
		3D2BBDC31437CC6C56128448 /* HapticService.swift in Sources */ = {isa = PBXBuildFile; fileRef = 130E4F75D706852645E5A1F1 /* HapticService.swift */; };
		3D2D711B864AB7E3566E4453 /* WatchWorkoutView.swift in Sources */ = {isa = PBXBuildFile; fileRef = BCEDBC86A7D5517EE1DEEFFE /* WatchWorkoutView.swift */; };
		485D38B631E3EF7773340D83 /* AppStore.swift in Sources */ = {isa = PBXBuildFile; fileRef = F998B9C72A27863842809A33 /* AppStore.swift */; };
		4A941FA423A34C543F601E83 /* Monetization.swift in Sources */ = {isa = PBXBuildFile; fileRef = 8BA1565353516FCB4247FD1D /* Monetization.swift */; };
		4CD65496EEC8073CAFB0BF44 /* PermissionService.swift in Sources */ = {isa = PBXBuildFile; fileRef = CCD6E9727C891B41CB538DE6 /* PermissionService.swift */; };
		4D3249494EFCE9A753D701BE /* RepsWidgetConfigurationIntent.swift in Sources */ = {isa = PBXBuildFile; fileRef = 542BD8688B577CF24924B7C3 /* RepsWidgetConfigurationIntent.swift */; };
		4DD5973D7549AC9555F81FA2 /* NotificationService.swift in Sources */ = {isa = PBXBuildFile; fileRef = FBE400159890F89819FDFC36 /* NotificationService.swift */; };
		50BC6D3A9E7FB93D1D0E0656 /* ICloudProEntitlementService.swift in Sources */ = {isa = PBXBuildFile; fileRef = 005DB2151835E5ACB3D3C20D /* ICloudProEntitlementService.swift */; };
		537C3D3BB6815D9DD245CD13 /* SwiftDataPersistence.swift in Sources */ = {isa = PBXBuildFile; fileRef = CCCE094B694B28F560A27A91 /* SwiftDataPersistence.swift */; };
		557CF3A671F01DBFF6F73E9F /* FirebaseCore in Frameworks */ = {isa = PBXBuildFile; productRef = 766FB1A6046B42B9314E51D5 /* FirebaseCore */; };
		5622BAD01367371011FA1F79 /* TelemetryService.swift in Sources */ = {isa = PBXBuildFile; fileRef = 0ECBBCF60B8C5057CAB72E32 /* TelemetryService.swift */; };
		569BA3500A2E3B7A507C4400 /* InfoPlist.xcstrings in Resources */ = {isa = PBXBuildFile; fileRef = 30127D221461543DBC3C6012 /* InfoPlist.xcstrings */; };
		571B9B9626B8C28B2BCAD209 /* FitnessMetrics.swift in Sources */ = {isa = PBXBuildFile; fileRef = 8AE6FC6EDB425205F8F3592B /* FitnessMetrics.swift */; };
		594D0C956088954A48F4B170 /* AchievementsView.swift in Sources */ = {isa = PBXBuildFile; fileRef = A904A266B4DEB099D8FCEEF1 /* AchievementsView.swift */; };
		5B3EC7C5D1D72EE4CEB36805 /* OnboardingResult.swift in Sources */ = {isa = PBXBuildFile; fileRef = C4617C0AE3AEA837ABBC7266 /* OnboardingResult.swift */; };
		5B802E55705A97B1CC7F2066 /* RepsWorkoutLiveActivity.swift in Sources */ = {isa = PBXBuildFile; fileRef = F80CCCB65745D555ACB923F2 /* RepsWorkoutLiveActivity.swift */; };
		5F9AA871BBC23C64162D14E8 /* OneRepMaxCalculatorView.swift in Sources */ = {isa = PBXBuildFile; fileRef = 14586CFEF76851389015CC51 /* OneRepMaxCalculatorView.swift */; };
		67CBF2B94B8586D99C918832 /* WorkoutShareImageRenderer.swift in Sources */ = {isa = PBXBuildFile; fileRef = ED3D682D48163582C8B0922B /* WorkoutShareImageRenderer.swift */; };
		6A4BC19B92F659AFD26F875C /* QuickMenuProgressionChart.swift in Sources */ = {isa = PBXBuildFile; fileRef = EF4E20BFA43D7C528611005F /* QuickMenuProgressionChart.swift */; };
		6DF3D84068D927DBA8F82F18 /* RepsWidgetConfigurationIntent.swift in Sources */ = {isa = PBXBuildFile; fileRef = 542BD8688B577CF24924B7C3 /* RepsWidgetConfigurationIntent.swift */; };
		6F5CC8058CB016D740233F29 /* PrivacyInfo.xcprivacy in Resources */ = {isa = PBXBuildFile; fileRef = 93621471CB3E1736B6202A5E /* PrivacyInfo.xcprivacy */; };
		72D71C5C282BD6A560BD1B58 /* WorkoutBackgroundKeepAlive.swift in Sources */ = {isa = PBXBuildFile; fileRef = D4B5923EEA9DE73B9AEDAF82 /* WorkoutBackgroundKeepAlive.swift */; };
		73E11A0A5F1B20892C3BF91D /* Localizable.xcstrings in Resources */ = {isa = PBXBuildFile; fileRef = 993ED47C6A26814D8131BB84 /* Localizable.xcstrings */; };
		7C73B3282FDBE31F006EBF9E /* StreakRepFit2.icon in Resources */ = {isa = PBXBuildFile; fileRef = EE434650A618AB318510D605 /* StreakRepFit2.icon */; };
		80862DB167042E5D727DAE0B /* Localizable.xcstrings in Resources */ = {isa = PBXBuildFile; fileRef = 993ED47C6A26814D8131BB84 /* Localizable.xcstrings */; };
		87D69B64759C6D1C74B943F7 /* PlansView.swift in Sources */ = {isa = PBXBuildFile; fileRef = 95EF4F0FCD797CF0C3006FED /* PlansView.swift */; };
		8B77A758E15EBD5CCD8D16E2 /* RepsWidgetsBundle.swift in Sources */ = {isa = PBXBuildFile; fileRef = 0CFAF43FA22D0DA2672A1E51 /* RepsWidgetsBundle.swift */; };
		8C747362B6CD2A8E0279E26D /* PlateCalculatorView.swift in Sources */ = {isa = PBXBuildFile; fileRef = A65B11B67EB0B13C847A1331 /* PlateCalculatorView.swift */; };
		8E6E8B3A65A1B200DCDFDD93 /* RepsStreakWidget.swift in Sources */ = {isa = PBXBuildFile; fileRef = 4C811B078B70CCB8A2E188B7 /* RepsStreakWidget.swift */; };
		9154E19651ED841295151476 /* WelcomeView.swift in Sources */ = {isa = PBXBuildFile; fileRef = D03010CDFBB1E924806441A8 /* WelcomeView.swift */; };
		92C41F51EF63ED0A5EC21CEF /* ActiveWorkoutMediaComponents.swift in Sources */ = {isa = PBXBuildFile; fileRef = 428488EF1075B17B97043B62 /* ActiveWorkoutMediaComponents.swift */; };
		94C180146CA2EED0D2DFDFB9 /* ActiveWorkoutHeaderComponents.swift in Sources */ = {isa = PBXBuildFile; fileRef = DF2DEA9529E50DA6064B4D30 /* ActiveWorkoutHeaderComponents.swift */; };
		97DCAC3F27342E2E93CC2058 /* ProfileDetailView.swift in Sources */ = {isa = PBXBuildFile; fileRef = 1AACCD6E1BE104C3FD7B706C /* ProfileDetailView.swift */; };
		990133AA0AC6E04F09815E16 /* HealthKitService.swift in Sources */ = {isa = PBXBuildFile; fileRef = 3659C8528135CC1735E2D7BD /* HealthKitService.swift */; };
		9A7197D0B65A1726E4766451 /* FirebaseCrashlytics in Frameworks */ = {isa = PBXBuildFile; productRef = 43D2C559C1D1ABC75D72F78B /* FirebaseCrashlytics */; };
		9D6C2CA9B9BC38E180888A76 /* RepsBatteryWidget.swift in Sources */ = {isa = PBXBuildFile; fileRef = 12DAAE09638B4291B3E89483 /* RepsBatteryWidget.swift */; };
		A3472399B3A3FE456881EAB2 /* RepsWidgetConfigurationIntent.swift in Sources */ = {isa = PBXBuildFile; fileRef = 542BD8688B577CF24924B7C3 /* RepsWidgetConfigurationIntent.swift */; };
		AB060AEE9C8DA146B13BE710 /* WorkoutReceiptView.swift in Sources */ = {isa = PBXBuildFile; fileRef = 75F48E903FC027A25C691AD9 /* WorkoutReceiptView.swift */; };
		AC55B17F5521F73E2EF8A159 /* SmartProgressionAdvisor.swift in Sources */ = {isa = PBXBuildFile; fileRef = AFD9F5578585D85B9F2794F3 /* SmartProgressionAdvisor.swift */; };
		B16D6C3D6404FA08098A033F /* StreakRepFit2.icon in Resources */ = {isa = PBXBuildFile; fileRef = EE434650A618AB318510D605 /* StreakRepFit2.icon */; };
		B244444DC91F7901D069A6E7 /* WorkoutShared.swift in Sources */ = {isa = PBXBuildFile; fileRef = AF2BB82DF974745D5746570F /* WorkoutShared.swift */; };
		B4C98D41ED857AF09B4C5C97 /* AppSnapshot.swift in Sources */ = {isa = PBXBuildFile; fileRef = CACEC4BB22C072ED9B0069C1 /* AppSnapshot.swift */; };
		B5F42E50161D32803CDFDC11 /* WorkoutShared.swift in Sources */ = {isa = PBXBuildFile; fileRef = AF2BB82DF974745D5746570F /* WorkoutShared.swift */; };
		BBAC1E9D145041FFB460414A /* RepsWidgets.appex in Embed Foundation Extensions */ = {isa = PBXBuildFile; fileRef = 860264EAF0E928C5E69888F7 /* RepsWidgets.appex */; settings = {ATTRIBUTES = (RemoveHeadersOnCopy, ); }; };
		BF702D63C7A54286CF954519 /* MuscleMap in Frameworks */ = {isa = PBXBuildFile; productRef = 8BF3142C9A82498970AF3638 /* MuscleMap */; };
		BFE1B9D6D602D915FC465A43 /* GoogleService-Info.plist in Resources */ = {isa = PBXBuildFile; fileRef = E2BE385D47ABA3B5B45D5345 /* GoogleService-Info.plist */; };
		BFE5E555671981A297EE41CB /* FirebaseAnalyticsIdentitySupport in Frameworks */ = {isa = PBXBuildFile; productRef = 016469A6A68954175E523473 /* FirebaseAnalyticsIdentitySupport */; };
		C012EA90348A6BE3DD882FE3 /* MusicIntegrationSheet.swift in Sources */ = {isa = PBXBuildFile; fileRef = 3D71F1F758BF7BEA053BE5BB /* MusicIntegrationSheet.swift */; };
		CC5A027A2328DE6801F006AC /* ActiveWorkoutRestComponents.swift in Sources */ = {isa = PBXBuildFile; fileRef = C7CB9DE9B048BBFADD9E6E61 /* ActiveWorkoutRestComponents.swift */; };
		D63BD6ED7DC4E96444714C90 /* RepsWatchApp.swift in Sources */ = {isa = PBXBuildFile; fileRef = 467EA079553F247F75C76054 /* RepsWatchApp.swift */; };
		D922780FD8ECD6C4A313A3B4 /* ExerciseProgressView.swift in Sources */ = {isa = PBXBuildFile; fileRef = 03241FE11D2EA6C38B0A086F /* ExerciseProgressView.swift */; };
		DA0BF8014DB6210EF977F068 /* ProfileSetupView.swift in Sources */ = {isa = PBXBuildFile; fileRef = E116F57A08B4F5BA7E061433 /* ProfileSetupView.swift */; };
		DE692FD7D748E7262B28A488 /* PaywallView.swift in Sources */ = {isa = PBXBuildFile; fileRef = 9F78E1E25B873B458B724462 /* PaywallView.swift */; };
		DE8849EDABC0F4181011DC88 /* TrainingBatteryView.swift in Sources */ = {isa = PBXBuildFile; fileRef = C050D0A2463DEAE5070D1A87 /* TrainingBatteryView.swift */; };
		E0977AC22F9FE41517FB9AA6 /* PrivacyInfo.xcprivacy in Resources */ = {isa = PBXBuildFile; fileRef = 93621471CB3E1736B6202A5E /* PrivacyInfo.xcprivacy */; };
		E2729D508BDEA2AB59601765 /* SwiftDataModels.swift in Sources */ = {isa = PBXBuildFile; fileRef = DBBA5AE4E473D263E3CE2A52 /* SwiftDataModels.swift */; };
		E2F0AAC0598EE3534790FBAB /* InfoPlist.xcstrings in Resources */ = {isa = PBXBuildFile; fileRef = B31D5E2BE507A45C4B26BED6 /* InfoPlist.xcstrings */; };
		EA75BA1FF07E83CCD72524A4 /* WorkoutHistoryView.swift in Sources */ = {isa = PBXBuildFile; fileRef = C2690AE3D301DC3DD21B4F5C /* WorkoutHistoryView.swift */; };
		EE9DE8C1630FEA181B86F3A7 /* PrivacyInfo.xcprivacy in Resources */ = {isa = PBXBuildFile; fileRef = 93621471CB3E1736B6202A5E /* PrivacyInfo.xcprivacy */; };
		EFD938AF04FAB8E1A03E3890 /* AnatomyThumbnail.swift in Sources */ = {isa = PBXBuildFile; fileRef = AE253B386C668DF85E574C66 /* AnatomyThumbnail.swift */; };
		F16D25D57E7760BCC1E40052 /* RepsLoadingView.swift in Sources */ = {isa = PBXBuildFile; fileRef = EE7A352271B093AE9303829E /* RepsLoadingView.swift */; };
		F3EC8387F48EE30F3B732AC9 /* FirebaseAnalytics in Frameworks */ = {isa = PBXBuildFile; productRef = DA28B06B7F90192F1E87EA1F /* FirebaseAnalytics */; };
		F7003C108D6BC29AB768A015 /* InfoPlist.xcstrings in Resources */ = {isa = PBXBuildFile; fileRef = C0EA950DDAF04C644A5992BB /* InfoPlist.xcstrings */; };
		F9B2D5537BBD3546D9D6EA03 /* CSVService.swift in Sources */ = {isa = PBXBuildFile; fileRef = A61FC8F7F687BB47F7F6932E /* CSVService.swift */; };
/* End PBXBuildFile section */

/* Begin PBXContainerItemProxy section */
		5F4DE666484C51781FAE247F /* PBXContainerItemProxy */ = {
			isa = PBXContainerItemProxy;
			containerPortal = DE75462DF504AF873BF6E8DE /* Project object */;
			proxyType = 1;
			remoteGlobalIDString = 0416157AB6A2DD4CDDAF81C0;
			remoteInfo = Reps;
		};
		AE070A508623722C7538B6C7 /* PBXContainerItemProxy */ = {
			isa = PBXContainerItemProxy;
			containerPortal = DE75462DF504AF873BF6E8DE /* Project object */;
			proxyType = 1;
			remoteGlobalIDString = 61B5331B7F00A92F8997BA95;
			remoteInfo = "RepsWatch Watch App";
		};
		C967D04F56F8BD790C05EF42 /* PBXContainerItemProxy */ = {
			isa = PBXContainerItemProxy;
			containerPortal = DE75462DF504AF873BF6E8DE /* Project object */;
			proxyType = 1;
			remoteGlobalIDString = 4B274BECDF40555313A5737C;
			remoteInfo = RepsWidgets;
		};
/* End PBXContainerItemProxy section */

/* Begin PBXCopyFilesBuildPhase section */
		9A32759A7E646D0332430561 /* Embed Watch Content */ = {
			isa = PBXCopyFilesBuildPhase;
			buildActionMask = 2147483647;
			dstPath = "$(CONTENTS_FOLDER_PATH)/Watch";
			dstSubfolderSpec = 16;
			files = (
				2ABF561564BE7D2EA74653D0 /* RepsWatch Watch App.app in Embed Watch Content */,
			);
			name = "Embed Watch Content";
			runOnlyForDeploymentPostprocessing = 0;
		};
		A9A33D294DBED10EB9511ACD /* Embed Foundation Extensions */ = {
			isa = PBXCopyFilesBuildPhase;
			buildActionMask = 2147483647;
			dstPath = "";
			dstSubfolderSpec = 13;
			files = (
				BBAC1E9D145041FFB460414A /* RepsWidgets.appex in Embed Foundation Extensions */,
			);
			name = "Embed Foundation Extensions";
			runOnlyForDeploymentPostprocessing = 0;
		};
/* End PBXCopyFilesBuildPhase section */

/* Begin PBXFileReference section */
		005DB2151835E5ACB3D3C20D /* ICloudProEntitlementService.swift */ = {isa = PBXFileReference; lastKnownFileType = sourcecode.swift; path = ICloudProEntitlementService.swift; sourceTree = "<group>"; };
		03241FE11D2EA6C38B0A086F /* ExerciseProgressView.swift */ = {isa = PBXFileReference; lastKnownFileType = sourcecode.swift; path = ExerciseProgressView.swift; sourceTree = "<group>"; };
		0B97E952AF94341517324563 /* Models.swift */ = {isa = PBXFileReference; lastKnownFileType = sourcecode.swift; path = Models.swift; sourceTree = "<group>"; };
		0CFAF43FA22D0DA2672A1E51 /* RepsWidgetsBundle.swift */ = {isa = PBXFileReference; lastKnownFileType = sourcecode.swift; path = RepsWidgetsBundle.swift; sourceTree = "<group>"; };
		0ECBBCF60B8C5057CAB72E32 /* TelemetryService.swift */ = {isa = PBXFileReference; lastKnownFileType = sourcecode.swift; path = TelemetryService.swift; sourceTree = "<group>"; };
		12DAAE09638B4291B3E89483 /* RepsBatteryWidget.swift */ = {isa = PBXFileReference; lastKnownFileType = sourcecode.swift; path = RepsBatteryWidget.swift; sourceTree = "<group>"; };
		130E4F75D706852645E5A1F1 /* HapticService.swift */ = {isa = PBXFileReference; lastKnownFileType = sourcecode.swift; path = HapticService.swift; sourceTree = "<group>"; };
		139C9662D78E951B54E33A7E /* RepsApp.swift */ = {isa = PBXFileReference; lastKnownFileType = sourcecode.swift; path = RepsApp.swift; sourceTree = "<group>"; };
		14586CFEF76851389015CC51 /* OneRepMaxCalculatorView.swift */ = {isa = PBXFileReference; lastKnownFileType = sourcecode.swift; path = OneRepMaxCalculatorView.swift; sourceTree = "<group>"; };
		1AACCD6E1BE104C3FD7B706C /* ProfileDetailView.swift */ = {isa = PBXFileReference; lastKnownFileType = sourcecode.swift; path = ProfileDetailView.swift; sourceTree = "<group>"; };
		1B33244C64642C7FC7A82750 /* WorkoutAppleMusicPlayer.swift */ = {isa = PBXFileReference; lastKnownFileType = sourcecode.swift; path = WorkoutAppleMusicPlayer.swift; sourceTree = "<group>"; };
		1BBBDF092A6D10BCD7C83446 /* RepsTests.swift */ = {isa = PBXFileReference; lastKnownFileType = sourcecode.swift; path = RepsTests.swift; sourceTree = "<group>"; };
		1DCD64ED32F8198042C69E79 /* WorkoutLibraryView.swift */ = {isa = PBXFileReference; lastKnownFileType = sourcecode.swift; path = WorkoutLibraryView.swift; sourceTree = "<group>"; };
		21F1B20DC7F7FF304A4F8389 /* RepsWatch Watch App.app */ = {isa = PBXFileReference; explicitFileType = wrapper.application; includeInIndex = 0; path = "RepsWatch Watch App.app"; sourceTree = BUILT_PRODUCTS_DIR; };
		29299AE9BE85F4DBEC4B9D50 /* ProgressView.swift */ = {isa = PBXFileReference; lastKnownFileType = sourcecode.swift; path = ProgressView.swift; sourceTree = "<group>"; };
		30127D221461543DBC3C6012 /* InfoPlist.xcstrings */ = {isa = PBXFileReference; lastKnownFileType = text.json.xcstrings; path = InfoPlist.xcstrings; sourceTree = "<group>"; };
		3659C8528135CC1735E2D7BD /* HealthKitService.swift */ = {isa = PBXFileReference; lastKnownFileType = sourcecode.swift; path = HealthKitService.swift; sourceTree = "<group>"; };
		3D71F1F758BF7BEA053BE5BB /* MusicIntegrationSheet.swift */ = {isa = PBXFileReference; lastKnownFileType = sourcecode.swift; path = MusicIntegrationSheet.swift; sourceTree = "<group>"; };
		428488EF1075B17B97043B62 /* ActiveWorkoutMediaComponents.swift */ = {isa = PBXFileReference; lastKnownFileType = sourcecode.swift; path = ActiveWorkoutMediaComponents.swift; sourceTree = "<group>"; };
		439F6FCF315C65C3FD34EF0D /* RepsWatch.entitlements */ = {isa = PBXFileReference; lastKnownFileType = text.plist.entitlements; path = RepsWatch.entitlements; sourceTree = "<group>"; };
		467EA079553F247F75C76054 /* RepsWatchApp.swift */ = {isa = PBXFileReference; lastKnownFileType = sourcecode.swift; path = RepsWatchApp.swift; sourceTree = "<group>"; };
		4965A295E62A8E86154C1F72 /* Info.plist */ = {isa = PBXFileReference; lastKnownFileType = text.plist; path = Info.plist; sourceTree = "<group>"; };
		4C811B078B70CCB8A2E188B7 /* RepsStreakWidget.swift */ = {isa = PBXFileReference; lastKnownFileType = sourcecode.swift; path = RepsStreakWidget.swift; sourceTree = "<group>"; };
		5163BBD811D7D834ECBC728F /* CalendarView.swift */ = {isa = PBXFileReference; lastKnownFileType = sourcecode.swift; path = CalendarView.swift; sourceTree = "<group>"; };
		5207FC54AA0F20CA9E4C36D1 /* TodayView.swift */ = {isa = PBXFileReference; lastKnownFileType = sourcecode.swift; path = TodayView.swift; sourceTree = "<group>"; };
		542BD8688B577CF24924B7C3 /* RepsWidgetConfigurationIntent.swift */ = {isa = PBXFileReference; lastKnownFileType = sourcecode.swift; path = RepsWidgetConfigurationIntent.swift; sourceTree = "<group>"; };
		54CD939A2CD9CE21F12AEBBF /* RootView.swift */ = {isa = PBXFileReference; lastKnownFileType = sourcecode.swift; path = RootView.swift; sourceTree = "<group>"; };
		5C82B397520A9BD1BF35FC73 /* WatchWorkoutModel.swift */ = {isa = PBXFileReference; lastKnownFileType = sourcecode.swift; path = WatchWorkoutModel.swift; sourceTree = "<group>"; };
		5DC383781C9E3DFE49567082 /* WatchCommandRouter.swift */ = {isa = PBXFileReference; lastKnownFileType = sourcecode.swift; path = WatchCommandRouter.swift; sourceTree = "<group>"; };
		5E1ADC30960DF398B94738B6 /* ProfileView.swift */ = {isa = PBXFileReference; lastKnownFileType = sourcecode.swift; path = ProfileView.swift; sourceTree = "<group>"; };
		75F48E903FC027A25C691AD9 /* WorkoutReceiptView.swift */ = {isa = PBXFileReference; lastKnownFileType = sourcecode.swift; path = WorkoutReceiptView.swift; sourceTree = "<group>"; };
		7DBDDBC7EE75CF493112E9D2 /* FreeWorkoutStartView.swift */ = {isa = PBXFileReference; lastKnownFileType = sourcecode.swift; path = FreeWorkoutStartView.swift; sourceTree = "<group>"; };
		860264EAF0E928C5E69888F7 /* RepsWidgets.appex */ = {isa = PBXFileReference; explicitFileType = "wrapper.app-extension"; includeInIndex = 0; path = RepsWidgets.appex; sourceTree = BUILT_PRODUCTS_DIR; };
		89F73E9CB8B46A571B9DEA48 /* Info.plist */ = {isa = PBXFileReference; lastKnownFileType = text.plist; path = Info.plist; sourceTree = "<group>"; };
		8AD60C6BDD44A63047D0E969 /* Reps.app */ = {isa = PBXFileReference; explicitFileType = wrapper.application; includeInIndex = 0; path = Reps.app; sourceTree = BUILT_PRODUCTS_DIR; };
		8AE6FC6EDB425205F8F3592B /* FitnessMetrics.swift */ = {isa = PBXFileReference; lastKnownFileType = sourcecode.swift; path = FitnessMetrics.swift; sourceTree = "<group>"; };
		8BA1565353516FCB4247FD1D /* Monetization.swift */ = {isa = PBXFileReference; lastKnownFileType = sourcecode.swift; path = Monetization.swift; sourceTree = "<group>"; };
		8E9A6FDE53836377E8092FFF /* Assets.xcassets */ = {isa = PBXFileReference; lastKnownFileType = folder.assetcatalog; path = Assets.xcassets; sourceTree = "<group>"; };
		9055371D6F3FC5EB8456BF60 /* Assets.xcassets */ = {isa = PBXFileReference; lastKnownFileType = folder.assetcatalog; path = Assets.xcassets; sourceTree = "<group>"; };
		93621471CB3E1736B6202A5E /* PrivacyInfo.xcprivacy */ = {isa = PBXFileReference; lastKnownFileType = text.xml; path = PrivacyInfo.xcprivacy; sourceTree = "<group>"; };
		9482D3B7D2A2D87906F383A1 /* MuscleMapProgressView.swift */ = {isa = PBXFileReference; lastKnownFileType = sourcecode.swift; path = MuscleMapProgressView.swift; sourceTree = "<group>"; };
		95EF4F0FCD797CF0C3006FED /* PlansView.swift */ = {isa = PBXFileReference; lastKnownFileType = sourcecode.swift; path = PlansView.swift; sourceTree = "<group>"; };
		993ED47C6A26814D8131BB84 /* Localizable.xcstrings */ = {isa = PBXFileReference; lastKnownFileType = text.json.xcstrings; path = Localizable.xcstrings; sourceTree = "<group>"; };
		9F78E1E25B873B458B724462 /* PaywallView.swift */ = {isa = PBXFileReference; lastKnownFileType = sourcecode.swift; path = PaywallView.swift; sourceTree = "<group>"; };
		A4DE72887693FA584DACF153 /* StreakRepFit.icon */ = {isa = PBXFileReference; lastKnownFileType = wrapper.icon; path = StreakRepFit.icon; sourceTree = "<group>"; };
		A61FC8F7F687BB47F7F6932E /* CSVService.swift */ = {isa = PBXFileReference; lastKnownFileType = sourcecode.swift; path = CSVService.swift; sourceTree = "<group>"; };
		A65B11B67EB0B13C847A1331 /* PlateCalculatorView.swift */ = {isa = PBXFileReference; lastKnownFileType = sourcecode.swift; path = PlateCalculatorView.swift; sourceTree = "<group>"; };
		A7546415D658D1F30651D879 /* CameraPicker.swift */ = {isa = PBXFileReference; lastKnownFileType = sourcecode.swift; path = CameraPicker.swift; sourceTree = "<group>"; };
		A904A266B4DEB099D8FCEEF1 /* AchievementsView.swift */ = {isa = PBXFileReference; lastKnownFileType = sourcecode.swift; path = AchievementsView.swift; sourceTree = "<group>"; };
		AE253B386C668DF85E574C66 /* AnatomyThumbnail.swift */ = {isa = PBXFileReference; lastKnownFileType = sourcecode.swift; path = AnatomyThumbnail.swift; sourceTree = "<group>"; };
		AF2BB82DF974745D5746570F /* WorkoutShared.swift */ = {isa = PBXFileReference; lastKnownFileType = sourcecode.swift; path = WorkoutShared.swift; sourceTree = "<group>"; };
		AFD9F5578585D85B9F2794F3 /* SmartProgressionAdvisor.swift */ = {isa = PBXFileReference; lastKnownFileType = sourcecode.swift; path = SmartProgressionAdvisor.swift; sourceTree = "<group>"; };
		B31D5E2BE507A45C4B26BED6 /* InfoPlist.xcstrings */ = {isa = PBXFileReference; lastKnownFileType = text.json.xcstrings; path = InfoPlist.xcstrings; sourceTree = "<group>"; };
		B91792D967FC5B2EDAE59ACD /* PulseTheme.swift */ = {isa = PBXFileReference; lastKnownFileType = sourcecode.swift; path = PulseTheme.swift; sourceTree = "<group>"; };
		BC2E966C3D2F2713A83D63E5 /* ActiveWorkoutView.swift */ = {isa = PBXFileReference; lastKnownFileType = sourcecode.swift; path = ActiveWorkoutView.swift; sourceTree = "<group>"; };
		BCEDBC86A7D5517EE1DEEFFE /* WatchWorkoutView.swift */ = {isa = PBXFileReference; lastKnownFileType = sourcecode.swift; path = WatchWorkoutView.swift; sourceTree = "<group>"; };
		BE3B39142A43DB573171B14F /* RepsWidgets.entitlements */ = {isa = PBXFileReference; lastKnownFileType = text.plist.entitlements; path = RepsWidgets.entitlements; sourceTree = "<group>"; };
		BE6D0F0B234F59F0C8C83FC9 /* ExerciseLibraryView.swift */ = {isa = PBXFileReference; lastKnownFileType = sourcecode.swift; path = ExerciseLibraryView.swift; sourceTree = "<group>"; };
		C050D0A2463DEAE5070D1A87 /* TrainingBatteryView.swift */ = {isa = PBXFileReference; lastKnownFileType = sourcecode.swift; path = TrainingBatteryView.swift; sourceTree = "<group>"; };
		C0EA950DDAF04C644A5992BB /* InfoPlist.xcstrings */ = {isa = PBXFileReference; lastKnownFileType = text.json.xcstrings; path = InfoPlist.xcstrings; sourceTree = "<group>"; };
		C2690AE3D301DC3DD21B4F5C /* WorkoutHistoryView.swift */ = {isa = PBXFileReference; lastKnownFileType = sourcecode.swift; path = WorkoutHistoryView.swift; sourceTree = "<group>"; };
		C3A9CCD420922854020A7B5F /* ActiveWorkoutExerciseOrderComponents.swift */ = {isa = PBXFileReference; lastKnownFileType = sourcecode.swift; path = ActiveWorkoutExerciseOrderComponents.swift; sourceTree = "<group>"; };
		C4617C0AE3AEA837ABBC7266 /* OnboardingResult.swift */ = {isa = PBXFileReference; lastKnownFileType = sourcecode.swift; path = OnboardingResult.swift; sourceTree = "<group>"; };
		C5BF1ED538CBE15F2EDE37AE /* ProgressionRecommendationCard.swift */ = {isa = PBXFileReference; lastKnownFileType = sourcecode.swift; path = ProgressionRecommendationCard.swift; sourceTree = "<group>"; };
		C7CB9DE9B048BBFADD9E6E61 /* ActiveWorkoutRestComponents.swift */ = {isa = PBXFileReference; lastKnownFileType = sourcecode.swift; path = ActiveWorkoutRestComponents.swift; sourceTree = "<group>"; };
		CACEC4BB22C072ED9B0069C1 /* AppSnapshot.swift */ = {isa = PBXFileReference; lastKnownFileType = sourcecode.swift; path = AppSnapshot.swift; sourceTree = "<group>"; };
		CCCE094B694B28F560A27A91 /* SwiftDataPersistence.swift */ = {isa = PBXFileReference; lastKnownFileType = sourcecode.swift; path = SwiftDataPersistence.swift; sourceTree = "<group>"; };
		CCD6E9727C891B41CB538DE6 /* PermissionService.swift */ = {isa = PBXFileReference; lastKnownFileType = sourcecode.swift; path = PermissionService.swift; sourceTree = "<group>"; };
		CD3F5EEFFE4D007B55AEC149 /* Reps.entitlements */ = {isa = PBXFileReference; lastKnownFileType = text.plist.entitlements; path = Reps.entitlements; sourceTree = "<group>"; };
		CE9D2981F0A803B185345B94 /* SeedData.swift */ = {isa = PBXFileReference; lastKnownFileType = sourcecode.swift; path = SeedData.swift; sourceTree = "<group>"; };
		D03010CDFBB1E924806441A8 /* WelcomeView.swift */ = {isa = PBXFileReference; lastKnownFileType = sourcecode.swift; path = WelcomeView.swift; sourceTree = "<group>"; };
		D4B5923EEA9DE73B9AEDAF82 /* WorkoutBackgroundKeepAlive.swift */ = {isa = PBXFileReference; lastKnownFileType = sourcecode.swift; path = WorkoutBackgroundKeepAlive.swift; sourceTree = "<group>"; };
		DBBA5AE4E473D263E3CE2A52 /* SwiftDataModels.swift */ = {isa = PBXFileReference; lastKnownFileType = sourcecode.swift; path = SwiftDataModels.swift; sourceTree = "<group>"; };
		DDACE73A69FB227E398FFFD2 /* WorkoutDetailView.swift */ = {isa = PBXFileReference; lastKnownFileType = sourcecode.swift; path = WorkoutDetailView.swift; sourceTree = "<group>"; };
		DF2DEA9529E50DA6064B4D30 /* ActiveWorkoutHeaderComponents.swift */ = {isa = PBXFileReference; lastKnownFileType = sourcecode.swift; path = ActiveWorkoutHeaderComponents.swift; sourceTree = "<group>"; };
		E116F57A08B4F5BA7E061433 /* ProfileSetupView.swift */ = {isa = PBXFileReference; lastKnownFileType = sourcecode.swift; path = ProfileSetupView.swift; sourceTree = "<group>"; };
		E2BE385D47ABA3B5B45D5345 /* GoogleService-Info.plist */ = {isa = PBXFileReference; lastKnownFileType = text.plist; path = "GoogleService-Info.plist"; sourceTree = "<group>"; };
		E4D0A3F50CC0E82A7B1081F9 /* Info.plist */ = {isa = PBXFileReference; lastKnownFileType = text.plist; path = Info.plist; sourceTree = "<group>"; };
		E8A8D63D611CC32BFF2A8AFD /* RepsWorkoutWidget.swift */ = {isa = PBXFileReference; lastKnownFileType = sourcecode.swift; path = RepsWorkoutWidget.swift; sourceTree = "<group>"; };
		ED3D682D48163582C8B0922B /* WorkoutShareImageRenderer.swift */ = {isa = PBXFileReference; lastKnownFileType = sourcecode.swift; path = WorkoutShareImageRenderer.swift; sourceTree = "<group>"; };
		EE434650A618AB318510D605 /* StreakRepFit2.icon */ = {isa = PBXFileReference; lastKnownFileType = wrapper.icon; path = StreakRepFit2.icon; sourceTree = "<group>"; };
		EE7A352271B093AE9303829E /* RepsLoadingView.swift */ = {isa = PBXFileReference; lastKnownFileType = sourcecode.swift; path = RepsLoadingView.swift; sourceTree = "<group>"; };
		EF4E20BFA43D7C528611005F /* QuickMenuProgressionChart.swift */ = {isa = PBXFileReference; lastKnownFileType = sourcecode.swift; path = QuickMenuProgressionChart.swift; sourceTree = "<group>"; };
		F769218F07AF074BD84F1669 /* PersonalRecordsView.swift */ = {isa = PBXFileReference; lastKnownFileType = sourcecode.swift; path = PersonalRecordsView.swift; sourceTree = "<group>"; };
		F80CCCB65745D555ACB923F2 /* RepsWorkoutLiveActivity.swift */ = {isa = PBXFileReference; lastKnownFileType = sourcecode.swift; path = RepsWorkoutLiveActivity.swift; sourceTree = "<group>"; };
		F998B9C72A27863842809A33 /* AppStore.swift */ = {isa = PBXFileReference; lastKnownFileType = sourcecode.swift; path = AppStore.swift; sourceTree = "<group>"; };
		FBE400159890F89819FDFC36 /* NotificationService.swift */ = {isa = PBXFileReference; lastKnownFileType = sourcecode.swift; path = NotificationService.swift; sourceTree = "<group>"; };
		FDFC62FC1D5EA20A03DAE8C8 /* RepsTests.xctest */ = {isa = PBXFileReference; explicitFileType = wrapper.cfbundle; includeInIndex = 0; path = RepsTests.xctest; sourceTree = BUILT_PRODUCTS_DIR; };
/* End PBXFileReference section */

/* Begin PBXFrameworksBuildPhase section */
		A14EB5F286D4C13D24E52965 /* Frameworks */ = {
			isa = PBXFrameworksBuildPhase;
			buildActionMask = 2147483647;
			files = (
				BF702D63C7A54286CF954519 /* MuscleMap in Frameworks */,
				F3EC8387F48EE30F3B732AC9 /* FirebaseAnalytics in Frameworks */,
				2C4262A4811D850926599860 /* FirebaseAnalyticsCore in Frameworks */,
				BFE5E555671981A297EE41CB /* FirebaseAnalyticsIdentitySupport in Frameworks */,
				557CF3A671F01DBFF6F73E9F /* FirebaseCore in Frameworks */,
				9A7197D0B65A1726E4766451 /* FirebaseCrashlytics in Frameworks */,
			);
			runOnlyForDeploymentPostprocessing = 0;
		};
/* End PBXFrameworksBuildPhase section */

/* Begin PBXGroup section */
		09D52581441220591746E577 /* RepsWatch */ = {
			isa = PBXGroup;
			children = (
				8E9A6FDE53836377E8092FFF /* Assets.xcassets */,
				4965A295E62A8E86154C1F72 /* Info.plist */,
				30127D221461543DBC3C6012 /* InfoPlist.xcstrings */,
				439F6FCF315C65C3FD34EF0D /* RepsWatch.entitlements */,
				467EA079553F247F75C76054 /* RepsWatchApp.swift */,
				5DC383781C9E3DFE49567082 /* WatchCommandRouter.swift */,
				5C82B397520A9BD1BF35FC73 /* WatchWorkoutModel.swift */,
				BCEDBC86A7D5517EE1DEEFFE /* WatchWorkoutView.swift */,
			);
			path = RepsWatch;
			sourceTree = "<group>";
		};
		222AA8450FE8B65CA1EE092E /* Services */ = {
			isa = PBXGroup;
			children = (
				A61FC8F7F687BB47F7F6932E /* CSVService.swift */,
				8AE6FC6EDB425205F8F3592B /* FitnessMetrics.swift */,
				130E4F75D706852645E5A1F1 /* HapticService.swift */,
				005DB2151835E5ACB3D3C20D /* ICloudProEntitlementService.swift */,
				FBE400159890F89819FDFC36 /* NotificationService.swift */,
				CCD6E9727C891B41CB538DE6 /* PermissionService.swift */,
				AFD9F5578585D85B9F2794F3 /* SmartProgressionAdvisor.swift */,
				0ECBBCF60B8C5057CAB72E32 /* TelemetryService.swift */,
				1B33244C64642C7FC7A82750 /* WorkoutAppleMusicPlayer.swift */,
				D4B5923EEA9DE73B9AEDAF82 /* WorkoutBackgroundKeepAlive.swift */,
				ED3D682D48163582C8B0922B /* WorkoutShareImageRenderer.swift */,
			);
			path = Services;
			sourceTree = "<group>";
		};
		288DC6DB27BC9A3CA7D562AA /* Profile */ = {
			isa = PBXGroup;
			children = (
				A904A266B4DEB099D8FCEEF1 /* AchievementsView.swift */,
				1AACCD6E1BE104C3FD7B706C /* ProfileDetailView.swift */,
				5E1ADC30960DF398B94738B6 /* ProfileView.swift */,
			);
			path = Profile;
			sourceTree = "<group>";
		};
		311E0BC2EF60F75E5CF3F870 /* Features */ = {
			isa = PBXGroup;
			children = (
				9568109583769923CE3A03FD /* Calendar */,
				A6763C91F609D7878FD6B2C9 /* Exercises */,
				D4CF1998272D798F88A18493 /* Monetization */,
				9D87489AE4B798C6046A8E64 /* Onboarding */,
				7D375D96B4159040E81DE6C7 /* Plans */,
				288DC6DB27BC9A3CA7D562AA /* Profile */,
				91A6928061858076E972D876 /* Progress */,
				AC08BAFE0FCBB1B478DF329F /* Today */,
				767B5794AEAE226117023C57 /* Workout */,
			);
			path = Features;
			sourceTree = "<group>";
		};
		326E341C00AFF8900985EFA5 /* Resources */ = {
			isa = PBXGroup;
			children = (
				9055371D6F3FC5EB8456BF60 /* Assets.xcassets */,
				C0EA950DDAF04C644A5992BB /* InfoPlist.xcstrings */,
				993ED47C6A26814D8131BB84 /* Localizable.xcstrings */,
			);
			path = Resources;
			sourceTree = "<group>";
		};
		4945D4B84A170BD6F93331D5 /* Products */ = {
			isa = PBXGroup;
			children = (
				8AD60C6BDD44A63047D0E969 /* Reps.app */,
				FDFC62FC1D5EA20A03DAE8C8 /* RepsTests.xctest */,
				21F1B20DC7F7FF304A4F8389 /* RepsWatch Watch App.app */,
				860264EAF0E928C5E69888F7 /* RepsWidgets.appex */,
			);
			name = Products;
			sourceTree = "<group>";
		};
		574AFA8697AAFF7D05D126D1 /* App */ = {
			isa = PBXGroup;
			children = (
				F998B9C72A27863842809A33 /* AppStore.swift */,
				139C9662D78E951B54E33A7E /* RepsApp.swift */,
				54CD939A2CD9CE21F12AEBBF /* RootView.swift */,
			);
			path = App;
			sourceTree = "<group>";
		};
		5D2AA826BBC44B991346427B /* Models */ = {
			isa = PBXGroup;
			children = (
				0B97E952AF94341517324563 /* Models.swift */,
				8BA1565353516FCB4247FD1D /* Monetization.swift */,
				CE9D2981F0A803B185345B94 /* SeedData.swift */,
			);
			path = Models;
			sourceTree = "<group>";
		};
		5FA38CA141B3D792D40E49B6 /* RepsTests */ = {
			isa = PBXGroup;
			children = (
				1BBBDF092A6D10BCD7C83446 /* RepsTests.swift */,
			);
			path = RepsTests;
			sourceTree = "<group>";
		};
		602CA0D3CBE6F362C478051C /* RepsShared */ = {
			isa = PBXGroup;
			children = (
				93621471CB3E1736B6202A5E /* PrivacyInfo.xcprivacy */,
				542BD8688B577CF24924B7C3 /* RepsWidgetConfigurationIntent.swift */,
				AF2BB82DF974745D5746570F /* WorkoutShared.swift */,
			);
			path = RepsShared;
			sourceTree = "<group>";
		};
		70274E239B152A2B56C3B912 = {
			isa = PBXGroup;
			children = (
				F3102035D775E5E118A819E8 /* Reps */,
				602CA0D3CBE6F362C478051C /* RepsShared */,
				5FA38CA141B3D792D40E49B6 /* RepsTests */,
				09D52581441220591746E577 /* RepsWatch */,
				B60076EB6BA01FF7DD19F45A /* RepsWidgets */,
				4945D4B84A170BD6F93331D5 /* Products */,
			);
			sourceTree = "<group>";
		};
		767B5794AEAE226117023C57 /* Workout */ = {
			isa = PBXGroup;
			children = (
				C3A9CCD420922854020A7B5F /* ActiveWorkoutExerciseOrderComponents.swift */,
				DF2DEA9529E50DA6064B4D30 /* ActiveWorkoutHeaderComponents.swift */,
				428488EF1075B17B97043B62 /* ActiveWorkoutMediaComponents.swift */,
				C7CB9DE9B048BBFADD9E6E61 /* ActiveWorkoutRestComponents.swift */,
				BC2E966C3D2F2713A83D63E5 /* ActiveWorkoutView.swift */,
				7DBDDBC7EE75CF493112E9D2 /* FreeWorkoutStartView.swift */,
				DDACE73A69FB227E398FFFD2 /* WorkoutDetailView.swift */,
				1DCD64ED32F8198042C69E79 /* WorkoutLibraryView.swift */,
			);
			path = Workout;
			sourceTree = "<group>";
		};
		7D375D96B4159040E81DE6C7 /* Plans */ = {
			isa = PBXGroup;
			children = (
				3D71F1F758BF7BEA053BE5BB /* MusicIntegrationSheet.swift */,
				95EF4F0FCD797CF0C3006FED /* PlansView.swift */,
			);
			path = Plans;
			sourceTree = "<group>";
		};
		810A63F5786C5E374B9483F5 /* Persistence */ = {
			isa = PBXGroup;
			children = (
				CACEC4BB22C072ED9B0069C1 /* AppSnapshot.swift */,
				DBBA5AE4E473D263E3CE2A52 /* SwiftDataModels.swift */,
				CCCE094B694B28F560A27A91 /* SwiftDataPersistence.swift */,
			);
			path = Persistence;
			sourceTree = "<group>";
		};
		91A6928061858076E972D876 /* Progress */ = {
			isa = PBXGroup;
			children = (
				9482D3B7D2A2D87906F383A1 /* MuscleMapProgressView.swift */,
				14586CFEF76851389015CC51 /* OneRepMaxCalculatorView.swift */,
				F769218F07AF074BD84F1669 /* PersonalRecordsView.swift */,
				A65B11B67EB0B13C847A1331 /* PlateCalculatorView.swift */,
				29299AE9BE85F4DBEC4B9D50 /* ProgressView.swift */,
				C2690AE3D301DC3DD21B4F5C /* WorkoutHistoryView.swift */,
			);
			path = Progress;
			sourceTree = "<group>";
		};
		9568109583769923CE3A03FD /* Calendar */ = {
			isa = PBXGroup;
			children = (
				5163BBD811D7D834ECBC728F /* CalendarView.swift */,
			);
			path = Calendar;
			sourceTree = "<group>";
		};
		9D87489AE4B798C6046A8E64 /* Onboarding */ = {
			isa = PBXGroup;
			children = (
				C4617C0AE3AEA837ABBC7266 /* OnboardingResult.swift */,
				E116F57A08B4F5BA7E061433 /* ProfileSetupView.swift */,
				D03010CDFBB1E924806441A8 /* WelcomeView.swift */,
			);
			path = Onboarding;
			sourceTree = "<group>";
		};
		A6763C91F609D7878FD6B2C9 /* Exercises */ = {
			isa = PBXGroup;
			children = (
				BE6D0F0B234F59F0C8C83FC9 /* ExerciseLibraryView.swift */,
				03241FE11D2EA6C38B0A086F /* ExerciseProgressView.swift */,
			);
			path = Exercises;
			sourceTree = "<group>";
		};
		AC08BAFE0FCBB1B478DF329F /* Today */ = {
			isa = PBXGroup;
			children = (
				5207FC54AA0F20CA9E4C36D1 /* TodayView.swift */,
				C050D0A2463DEAE5070D1A87 /* TrainingBatteryView.swift */,
			);
			path = Today;
			sourceTree = "<group>";
		};
		B60076EB6BA01FF7DD19F45A /* RepsWidgets */ = {
			isa = PBXGroup;
			children = (
				E4D0A3F50CC0E82A7B1081F9 /* Info.plist */,
				B31D5E2BE507A45C4B26BED6 /* InfoPlist.xcstrings */,
				12DAAE09638B4291B3E89483 /* RepsBatteryWidget.swift */,
				4C811B078B70CCB8A2E188B7 /* RepsStreakWidget.swift */,
				BE3B39142A43DB573171B14F /* RepsWidgets.entitlements */,
				0CFAF43FA22D0DA2672A1E51 /* RepsWidgetsBundle.swift */,
				F80CCCB65745D555ACB923F2 /* RepsWorkoutLiveActivity.swift */,
				E8A8D63D611CC32BFF2A8AFD /* RepsWorkoutWidget.swift */,
			);
			path = RepsWidgets;
			sourceTree = "<group>";
		};
		C955EFF37FCB2BF2FE9F4431 /* Health */ = {
			isa = PBXGroup;
			children = (
				3659C8528135CC1735E2D7BD /* HealthKitService.swift */,
			);
			path = Health;
			sourceTree = "<group>";
		};
		D4CF1998272D798F88A18493 /* Monetization */ = {
			isa = PBXGroup;
			children = (
				9F78E1E25B873B458B724462 /* PaywallView.swift */,
			);
			path = Monetization;
			sourceTree = "<group>";
		};
		F3102035D775E5E118A819E8 /* Reps */ = {
			isa = PBXGroup;
			children = (
				E2BE385D47ABA3B5B45D5345 /* GoogleService-Info.plist */,
				89F73E9CB8B46A571B9DEA48 /* Info.plist */,
				CD3F5EEFFE4D007B55AEC149 /* Reps.entitlements */,
				A4DE72887693FA584DACF153 /* StreakRepFit.icon */,
				EE434650A618AB318510D605 /* StreakRepFit2.icon */,
				574AFA8697AAFF7D05D126D1 /* App */,
				FAD5B4B96FF3D5E00D913EA8 /* DesignSystem */,
				311E0BC2EF60F75E5CF3F870 /* Features */,
				C955EFF37FCB2BF2FE9F4431 /* Health */,
				5D2AA826BBC44B991346427B /* Models */,
				810A63F5786C5E374B9483F5 /* Persistence */,
				326E341C00AFF8900985EFA5 /* Resources */,
				222AA8450FE8B65CA1EE092E /* Services */,
			);
			path = Reps;
			sourceTree = "<group>";
		};
		FAD5B4B96FF3D5E00D913EA8 /* DesignSystem */ = {
			isa = PBXGroup;
			children = (
				AE253B386C668DF85E574C66 /* AnatomyThumbnail.swift */,
				A7546415D658D1F30651D879 /* CameraPicker.swift */,
				C5BF1ED538CBE15F2EDE37AE /* ProgressionRecommendationCard.swift */,
				B91792D967FC5B2EDAE59ACD /* PulseTheme.swift */,
				EF4E20BFA43D7C528611005F /* QuickMenuProgressionChart.swift */,
				EE7A352271B093AE9303829E /* RepsLoadingView.swift */,
				75F48E903FC027A25C691AD9 /* WorkoutReceiptView.swift */,
			);
			path = DesignSystem;
			sourceTree = "<group>";
		};
/* End PBXGroup section */

/* Begin PBXNativeTarget section */
		015FB5945AF5A6B8DE435B43 /* RepsTests */ = {
			isa = PBXNativeTarget;
			buildConfigurationList = 2582C68A8861D4352CC16B47 /* Build configuration list for PBXNativeTarget "RepsTests" */;
			buildPhases = (
				A07B47471ED65517168DE55B /* Sources */,
			);
			buildRules = (
			);
			dependencies = (
				477CB73019D4D95D1EF3DE0C /* PBXTargetDependency */,
			);
			name = RepsTests;
			packageProductDependencies = (
			);
			productName = RepsTests;
			productReference = FDFC62FC1D5EA20A03DAE8C8 /* RepsTests.xctest */;
			productType = "com.apple.product-type.bundle.unit-test";
		};
		0416157AB6A2DD4CDDAF81C0 /* Reps */ = {
			isa = PBXNativeTarget;
			buildConfigurationList = 1A484B176691E754227BAF84 /* Build configuration list for PBXNativeTarget "Reps" */;
			buildPhases = (
				A3361D115BBEA5CE1060F5B2 /* Sources */,
				CD6A8EC9013538B6F2596B29 /* Resources */,
				A14EB5F286D4C13D24E52965 /* Frameworks */,
				A9A33D294DBED10EB9511ACD /* Embed Foundation Extensions */,
				9A32759A7E646D0332430561 /* Embed Watch Content */,
				AFEDFA98EF715C1D4CE74260 /* Firebase Crashlytics */,
			);
			buildRules = (
			);
			dependencies = (
				3115B970E7B577EB67CDC2DE /* PBXTargetDependency */,
				35BAF564BDAAE7622BC9C014 /* PBXTargetDependency */,
			);
			name = Reps;
			packageProductDependencies = (
				8BF3142C9A82498970AF3638 /* MuscleMap */,
				DA28B06B7F90192F1E87EA1F /* FirebaseAnalytics */,
				A919F65DA9E48BD686C70574 /* FirebaseAnalyticsCore */,
				016469A6A68954175E523473 /* FirebaseAnalyticsIdentitySupport */,
				766FB1A6046B42B9314E51D5 /* FirebaseCore */,
				43D2C559C1D1ABC75D72F78B /* FirebaseCrashlytics */,
			);
			productName = Reps;
			productReference = 8AD60C6BDD44A63047D0E969 /* Reps.app */;
			productType = "com.apple.product-type.application";
		};
		4B274BECDF40555313A5737C /* RepsWidgets */ = {
			isa = PBXNativeTarget;
			buildConfigurationList = 331473FA42A8BD7867C62593 /* Build configuration list for PBXNativeTarget "RepsWidgets" */;
			buildPhases = (
				CB20405621B22CE5E13B8A56 /* Sources */,
				F8256DFEC1521389B138A37E /* Resources */,
			);
			buildRules = (
			);
			dependencies = (
			);
			name = RepsWidgets;
			packageProductDependencies = (
			);
			productName = RepsWidgets;
			productReference = 860264EAF0E928C5E69888F7 /* RepsWidgets.appex */;
			productType = "com.apple.product-type.app-extension";
		};
		61B5331B7F00A92F8997BA95 /* RepsWatch Watch App */ = {
			isa = PBXNativeTarget;
			buildConfigurationList = 2F5E63F64E88F97EC0641924 /* Build configuration list for PBXNativeTarget "RepsWatch Watch App" */;
			buildPhases = (
				D70F1CCF4DE3F24F78A76A00 /* Sources */,
				5CEC6A0411BFBF2BB609A7BD /* Resources */,
			);
			buildRules = (
			);
			dependencies = (
			);
			name = "RepsWatch Watch App";
			packageProductDependencies = (
			);
			productName = "RepsWatch Watch App";
			productReference = 21F1B20DC7F7FF304A4F8389 /* RepsWatch Watch App.app */;
			productType = "com.apple.product-type.application";
		};
/* End PBXNativeTarget section */

/* Begin PBXProject section */
		DE75462DF504AF873BF6E8DE /* Project object */ = {
			isa = PBXProject;
			attributes = {
				BuildIndependentTargetsInParallel = YES;
				LastSwiftUpdateCheck = 2650;
				LastUpgradeCheck = 2650;
				TargetAttributes = {
					015FB5945AF5A6B8DE435B43 = {
						DevelopmentTeam = L2B56644F5;
					};
					0416157AB6A2DD4CDDAF81C0 = {
						DevelopmentTeam = L2B56644F5;
					};
					4B274BECDF40555313A5737C = {
						DevelopmentTeam = L2B56644F5;
					};
					61B5331B7F00A92F8997BA95 = {
						DevelopmentTeam = L2B56644F5;
					};
				};
			};
			buildConfigurationList = 6E01C31FF6A49288626E1C68 /* Build configuration list for PBXProject "Reps" */;
			developmentRegion = es;
			hasScannedForEncodings = 0;
			knownRegions = (
				Base,
				en,
				es,
			);
			mainGroup = 70274E239B152A2B56C3B912;
			minimizedProjectReferenceProxies = 1;
			packageReferences = (
				B796D536650665857BCBB164 /* XCRemoteSwiftPackageReference "MuscleMap" */,
				E81435B87D8EAD7AF7183E95 /* XCRemoteSwiftPackageReference "firebase-ios-sdk" */,
			);
			preferredProjectObjectVersion = 77;
			productRefGroup = 4945D4B84A170BD6F93331D5 /* Products */;
			projectDirPath = "";
			projectRoot = "";
			targets = (
				0416157AB6A2DD4CDDAF81C0 /* Reps */,
				015FB5945AF5A6B8DE435B43 /* RepsTests */,
				61B5331B7F00A92F8997BA95 /* RepsWatch Watch App */,
				4B274BECDF40555313A5737C /* RepsWidgets */,
			);
		};
/* End PBXProject section */

/* Begin PBXResourcesBuildPhase section */
		5CEC6A0411BFBF2BB609A7BD /* Resources */ = {
			isa = PBXResourcesBuildPhase;
			buildActionMask = 2147483647;
			files = (
				0C6BDC1A9655AF33E79C6847 /* Assets.xcassets in Resources */,
				569BA3500A2E3B7A507C4400 /* InfoPlist.xcstrings in Resources */,
				73E11A0A5F1B20892C3BF91D /* Localizable.xcstrings in Resources */,
				7C73B3282FDBE31F006EBF9E /* StreakRepFit2.icon in Resources */,
				6F5CC8058CB016D740233F29 /* PrivacyInfo.xcprivacy in Resources */,
			);
			runOnlyForDeploymentPostprocessing = 0;
		};
		CD6A8EC9013538B6F2596B29 /* Resources */ = {
			isa = PBXResourcesBuildPhase;
			buildActionMask = 2147483647;
			files = (
				3CAE41B17E3ED1DB65A4C116 /* Assets.xcassets in Resources */,
				BFE1B9D6D602D915FC465A43 /* GoogleService-Info.plist in Resources */,
				F7003C108D6BC29AB768A015 /* InfoPlist.xcstrings in Resources */,
				3D10070D4B99F825EADAF29C /* Localizable.xcstrings in Resources */,
				EE9DE8C1630FEA181B86F3A7 /* PrivacyInfo.xcprivacy in Resources */,
				38D6BEAA0601476C8876C49B /* StreakRepFit.icon in Resources */,
				B16D6C3D6404FA08098A033F /* StreakRepFit2.icon in Resources */,
			);
			runOnlyForDeploymentPostprocessing = 0;
		};
		F8256DFEC1521389B138A37E /* Resources */ = {
			isa = PBXResourcesBuildPhase;
			buildActionMask = 2147483647;
			files = (
				E2F0AAC0598EE3534790FBAB /* InfoPlist.xcstrings in Resources */,
				80862DB167042E5D727DAE0B /* Localizable.xcstrings in Resources */,
				E0977AC22F9FE41517FB9AA6 /* PrivacyInfo.xcprivacy in Resources */,
			);
			runOnlyForDeploymentPostprocessing = 0;
		};
/* End PBXResourcesBuildPhase section */

/* Begin PBXShellScriptBuildPhase section */
		AFEDFA98EF715C1D4CE74260 /* Firebase Crashlytics */ = {
			isa = PBXShellScriptBuildPhase;
			buildActionMask = 2147483647;
			files = (
			);
			inputFileListPaths = (
			);
			inputPaths = (
				"${DWARF_DSYM_FOLDER_PATH}/${DWARF_DSYM_FILE_NAME}",
				"${DWARF_DSYM_FOLDER_PATH}/${DWARF_DSYM_FILE_NAME}/Contents/Resources/DWARF/${TARGET_NAME}",
				"${DWARF_DSYM_FOLDER_PATH}/${DWARF_DSYM_FILE_NAME}/Contents/Info.plist",
				"$(TARGET_BUILD_DIR)/$(UNLOCALIZED_RESOURCES_FOLDER_PATH)/GoogleService-Info.plist",
				"$(TARGET_BUILD_DIR)/$(EXECUTABLE_PATH)",
				"$(TARGET_BUILD_DIR)/$(PRODUCT_NAME).debug.dylib",
			);
			name = "Firebase Crashlytics";
			outputFileListPaths = (
			);
			outputPaths = (
				"${DERIVED_FILE_DIR}/Crashlytics/${TARGET_NAME}-${CURRENT_PROJECT_VERSION}.stamp",
			);
			runOnlyForDeploymentPostprocessing = 0;
			shellPath = /bin/sh;
			shellScript = "\"${BUILD_DIR%/Build/*}/SourcePackages/checkouts/firebase-ios-sdk/Crashlytics/run\"\nmkdir -p \"${DERIVED_FILE_DIR}/Crashlytics\"\ntouch \"${DERIVED_FILE_DIR}/Crashlytics/${TARGET_NAME}-${CURRENT_PROJECT_VERSION}.stamp\"\n";
		};
/* End PBXShellScriptBuildPhase section */

/* Begin PBXSourcesBuildPhase section */
		A07B47471ED65517168DE55B /* Sources */ = {
			isa = PBXSourcesBuildPhase;
			buildActionMask = 2147483647;
			files = (
				04DAD55A9ECB5E63EFEFFE21 /* RepsTests.swift in Sources */,
			);
			runOnlyForDeploymentPostprocessing = 0;
		};
		A3361D115BBEA5CE1060F5B2 /* Sources */ = {
			isa = PBXSourcesBuildPhase;
			buildActionMask = 2147483647;
			files = (
				594D0C956088954A48F4B170 /* AchievementsView.swift in Sources */,
				3C778549F2E3F1EA31F5BE72 /* ActiveWorkoutExerciseOrderComponents.swift in Sources */,
				94C180146CA2EED0D2DFDFB9 /* ActiveWorkoutHeaderComponents.swift in Sources */,
				92C41F51EF63ED0A5EC21CEF /* ActiveWorkoutMediaComponents.swift in Sources */,
				CC5A027A2328DE6801F006AC /* ActiveWorkoutRestComponents.swift in Sources */,
				24AE3436E9DC925BEC8A64F3 /* ActiveWorkoutView.swift in Sources */,
				EFD938AF04FAB8E1A03E3890 /* AnatomyThumbnail.swift in Sources */,
				B4C98D41ED857AF09B4C5C97 /* AppSnapshot.swift in Sources */,
				485D38B631E3EF7773340D83 /* AppStore.swift in Sources */,
				F9B2D5537BBD3546D9D6EA03 /* CSVService.swift in Sources */,
				22DCD6674BD063A7C0C43FCF /* CalendarView.swift in Sources */,
				2D2EC1841DDA45A8378AF351 /* CameraPicker.swift in Sources */,
				052E8E4F5A9988448FDD4CF4 /* ExerciseLibraryView.swift in Sources */,
				D922780FD8ECD6C4A313A3B4 /* ExerciseProgressView.swift in Sources */,
				571B9B9626B8C28B2BCAD209 /* FitnessMetrics.swift in Sources */,
				090341499DBA89962BE3533C /* FreeWorkoutStartView.swift in Sources */,
				3D2BBDC31437CC6C56128448 /* HapticService.swift in Sources */,
				990133AA0AC6E04F09815E16 /* HealthKitService.swift in Sources */,
				50BC6D3A9E7FB93D1D0E0656 /* ICloudProEntitlementService.swift in Sources */,
				35FAA03EF8B2445CA6A24D09 /* Models.swift in Sources */,
				4A941FA423A34C543F601E83 /* Monetization.swift in Sources */,
				07206A45CD3EC170B99BE60C /* MuscleMapProgressView.swift in Sources */,
				C012EA90348A6BE3DD882FE3 /* MusicIntegrationSheet.swift in Sources */,
				4DD5973D7549AC9555F81FA2 /* NotificationService.swift in Sources */,
				5B3EC7C5D1D72EE4CEB36805 /* OnboardingResult.swift in Sources */,
				5F9AA871BBC23C64162D14E8 /* OneRepMaxCalculatorView.swift in Sources */,
				DE692FD7D748E7262B28A488 /* PaywallView.swift in Sources */,
				4CD65496EEC8073CAFB0BF44 /* PermissionService.swift in Sources */,
				1F71C791F60E1732B1959289 /* PersonalRecordsView.swift in Sources */,
				87D69B64759C6D1C74B943F7 /* PlansView.swift in Sources */,
				8C747362B6CD2A8E0279E26D /* PlateCalculatorView.swift in Sources */,
				97DCAC3F27342E2E93CC2058 /* ProfileDetailView.swift in Sources */,
				DA0BF8014DB6210EF977F068 /* ProfileSetupView.swift in Sources */,
				1C113CE663705287C40AE3F9 /* ProfileView.swift in Sources */,
				12F65CD1C12A32E81565F376 /* ProgressView.swift in Sources */,
				2CE1186057C17FA8F3F47502 /* ProgressionRecommendationCard.swift in Sources */,
				0B564E591385D7ED6E8EC119 /* PulseTheme.swift in Sources */,
				6A4BC19B92F659AFD26F875C /* QuickMenuProgressionChart.swift in Sources */,
				0837DD9FE86B93DE22FC986A /* RepsApp.swift in Sources */,
				F16D25D57E7760BCC1E40052 /* RepsLoadingView.swift in Sources */,
				A3472399B3A3FE456881EAB2 /* RepsWidgetConfigurationIntent.swift in Sources */,
				1118218145E04D17172393ED /* RootView.swift in Sources */,
				14E8046963CD0B8B192BEE1E /* SeedData.swift in Sources */,
				AC55B17F5521F73E2EF8A159 /* SmartProgressionAdvisor.swift in Sources */,
				E2729D508BDEA2AB59601765 /* SwiftDataModels.swift in Sources */,
				537C3D3BB6815D9DD245CD13 /* SwiftDataPersistence.swift in Sources */,
				5622BAD01367371011FA1F79 /* TelemetryService.swift in Sources */,
				15CB0EB913EA694C83854740 /* TodayView.swift in Sources */,
				DE8849EDABC0F4181011DC88 /* TrainingBatteryView.swift in Sources */,
				9154E19651ED841295151476 /* WelcomeView.swift in Sources */,
				0EF2DDE77D4576BA9AF9C1E3 /* WorkoutAppleMusicPlayer.swift in Sources */,
				72D71C5C282BD6A560BD1B58 /* WorkoutBackgroundKeepAlive.swift in Sources */,
				0E00CC3C9F6C2159FB29A4C2 /* WorkoutDetailView.swift in Sources */,
				EA75BA1FF07E83CCD72524A4 /* WorkoutHistoryView.swift in Sources */,
				20CDD5893A7DADBC1E35B857 /* WorkoutLibraryView.swift in Sources */,
				AB060AEE9C8DA146B13BE710 /* WorkoutReceiptView.swift in Sources */,
				67CBF2B94B8586D99C918832 /* WorkoutShareImageRenderer.swift in Sources */,
				B244444DC91F7901D069A6E7 /* WorkoutShared.swift in Sources */,
			);
			runOnlyForDeploymentPostprocessing = 0;
		};
		CB20405621B22CE5E13B8A56 /* Sources */ = {
			isa = PBXSourcesBuildPhase;
			buildActionMask = 2147483647;
			files = (
				9D6C2CA9B9BC38E180888A76 /* RepsBatteryWidget.swift in Sources */,
				8E6E8B3A65A1B200DCDFDD93 /* RepsStreakWidget.swift in Sources */,
				6DF3D84068D927DBA8F82F18 /* RepsWidgetConfigurationIntent.swift in Sources */,
				8B77A758E15EBD5CCD8D16E2 /* RepsWidgetsBundle.swift in Sources */,
				5B802E55705A97B1CC7F2066 /* RepsWorkoutLiveActivity.swift in Sources */,
				3269325047E0B1E7C0434CED /* RepsWorkoutWidget.swift in Sources */,
				06055B7E80A0CE0384CBD2B9 /* WorkoutShared.swift in Sources */,
			);
			runOnlyForDeploymentPostprocessing = 0;
		};
		D70F1CCF4DE3F24F78A76A00 /* Sources */ = {
			isa = PBXSourcesBuildPhase;
			buildActionMask = 2147483647;
			files = (
				D63BD6ED7DC4E96444714C90 /* RepsWatchApp.swift in Sources */,
				4D3249494EFCE9A753D701BE /* RepsWidgetConfigurationIntent.swift in Sources */,
				2A9BF5CDB17A991E28B3A74B /* WatchCommandRouter.swift in Sources */,
				01986F1197C2BEEAD218F119 /* WatchWorkoutModel.swift in Sources */,
				3D2D711B864AB7E3566E4453 /* WatchWorkoutView.swift in Sources */,
				B5F42E50161D32803CDFDC11 /* WorkoutShared.swift in Sources */,
			);
			runOnlyForDeploymentPostprocessing = 0;
		};
/* End PBXSourcesBuildPhase section */

/* Begin PBXTargetDependency section */
		3115B970E7B577EB67CDC2DE /* PBXTargetDependency */ = {
			isa = PBXTargetDependency;
			target = 4B274BECDF40555313A5737C /* RepsWidgets */;
			targetProxy = C967D04F56F8BD790C05EF42 /* PBXContainerItemProxy */;
		};
		35BAF564BDAAE7622BC9C014 /* PBXTargetDependency */ = {
			isa = PBXTargetDependency;
			target = 61B5331B7F00A92F8997BA95 /* RepsWatch Watch App */;
			targetProxy = AE070A508623722C7538B6C7 /* PBXContainerItemProxy */;
		};
		477CB73019D4D95D1EF3DE0C /* PBXTargetDependency */ = {
			isa = PBXTargetDependency;
			target = 0416157AB6A2DD4CDDAF81C0 /* Reps */;
			targetProxy = 5F4DE666484C51781FAE247F /* PBXContainerItemProxy */;
		};
/* End PBXTargetDependency section */

/* Begin XCBuildConfiguration section */
		10DD82A98FE002A65FCA87DB /* Release */ = {
			isa = XCBuildConfiguration;
			buildSettings = {
				CODE_SIGN_ENTITLEMENTS = RepsWidgets/RepsWidgets.entitlements;
				INFOPLIST_FILE = RepsWidgets/Info.plist;
				IPHONEOS_DEPLOYMENT_TARGET = 17.0;
				LD_RUNPATH_SEARCH_PATHS = (
					"$(inherited)",
					"@executable_path/Frameworks",
					"@executable_path/../../Frameworks",
				);
				PRODUCT_BUNDLE_IDENTIFIER = com.romerodev.repsfitness.widgets;
				SDKROOT = iphoneos;
				SKIP_INSTALL = YES;
				TARGETED_DEVICE_FAMILY = "1,2";
			};
			name = Release;
		};
		35EFD3E117AF290EBCB00260 /* Debug */ = {
			isa = XCBuildConfiguration;
			buildSettings = {
				ASSETCATALOG_COMPILER_APPICON_NAME = StreakRepFit2;
				ASSETCATALOG_COMPILER_GLOBAL_ACCENT_COLOR_NAME = AccentColor;
				CODE_SIGN_ENTITLEMENTS = Reps/Reps.entitlements;
				CODE_SIGN_IDENTITY = "iPhone Developer";
				INFOPLIST_FILE = Reps/Info.plist;
				INFOPLIST_KEY_LSApplicationCategoryType = "public.app-category.healthcare-fitness";
				IPHONEOS_DEPLOYMENT_TARGET = 17.0;
				LD_RUNPATH_SEARCH_PATHS = (
					"$(inherited)",
					"@executable_path/Frameworks",
				);
				PRODUCT_BUNDLE_IDENTIFIER = com.romerodev.repsfitness;
				SDKROOT = iphoneos;
				TARGETED_DEVICE_FAMILY = "1,2";
			};
			name = Debug;
		};
		3A2FDE58DD79E3CA846E99A4 /* Debug */ = {
			isa = XCBuildConfiguration;
			buildSettings = {
				ALWAYS_SEARCH_USER_PATHS = NO;
				CLANG_ANALYZER_LOCALIZABILITY_NONLOCALIZED = YES;
				CLANG_ANALYZER_NONNULL = YES;
				CLANG_ANALYZER_NUMBER_OBJECT_CONVERSION = YES_AGGRESSIVE;
				CLANG_CXX_LANGUAGE_STANDARD = "gnu++14";
				CLANG_CXX_LIBRARY = "libc++";
				CLANG_ENABLE_MODULES = YES;
				CLANG_ENABLE_OBJC_ARC = YES;
				CLANG_ENABLE_OBJC_WEAK = YES;
				CLANG_WARN_BLOCK_CAPTURE_AUTORELEASING = YES;
				CLANG_WARN_BOOL_CONVERSION = YES;
				CLANG_WARN_COMMA = YES;
				CLANG_WARN_CONSTANT_CONVERSION = YES;
				CLANG_WARN_DEPRECATED_OBJC_IMPLEMENTATIONS = YES;
				CLANG_WARN_DIRECT_OBJC_ISA_USAGE = YES_ERROR;
				CLANG_WARN_DOCUMENTATION_COMMENTS = YES;
				CLANG_WARN_EMPTY_BODY = YES;
				CLANG_WARN_ENUM_CONVERSION = YES;
				CLANG_WARN_INFINITE_RECURSION = YES;
				CLANG_WARN_INT_CONVERSION = YES;
				CLANG_WARN_NON_LITERAL_NULL_CONVERSION = YES;
				CLANG_WARN_OBJC_IMPLICIT_RETAIN_SELF = YES;
				CLANG_WARN_OBJC_LITERAL_CONVERSION = YES;
				CLANG_WARN_OBJC_ROOT_CLASS = YES_ERROR;
				CLANG_WARN_QUOTED_INCLUDE_IN_FRAMEWORK_HEADER = YES;
				CLANG_WARN_RANGE_LOOP_ANALYSIS = YES;
				CLANG_WARN_STRICT_PROTOTYPES = YES;
				CLANG_WARN_SUSPICIOUS_MOVE = YES;
				CLANG_WARN_UNGUARDED_AVAILABILITY = YES_AGGRESSIVE;
				CLANG_WARN_UNREACHABLE_CODE = YES;
				CLANG_WARN__DUPLICATE_METHOD_MATCH = YES;
				COPY_PHASE_STRIP = NO;
				CURRENT_PROJECT_VERSION = 100202606111;
				DEAD_CODE_STRIPPING = YES;
				DEBUG_INFORMATION_FORMAT = "dwarf-with-dsym";
				DEVELOPMENT_TEAM = L2B56644F5;
				ENABLE_STRICT_OBJC_MSGSEND = YES;
				ENABLE_TESTABILITY = YES;
				ENABLE_USER_SCRIPT_SANDBOXING = YES;
				GCC_C_LANGUAGE_STANDARD = gnu11;
				GCC_DYNAMIC_NO_PIC = NO;
				GCC_NO_COMMON_BLOCKS = YES;
				GCC_OPTIMIZATION_LEVEL = 0;
				GCC_PREPROCESSOR_DEFINITIONS = (
					"$(inherited)",
					"DEBUG=1",
				);
				GCC_WARN_64_TO_32_BIT_CONVERSION = YES;
				GCC_WARN_ABOUT_RETURN_TYPE = YES_ERROR;
				GCC_WARN_UNDECLARED_SELECTOR = YES;
				GCC_WARN_UNINITIALIZED_AUTOS = YES_AGGRESSIVE;
				GCC_WARN_UNUSED_FUNCTION = YES;
				GCC_WARN_UNUSED_VARIABLE = YES;
				IPHONEOS_DEPLOYMENT_TARGET = 17.0;
				LOCALIZED_STRING_SWIFT_SYMBOLS_GENERATION = YES;
				MARKETING_VERSION = 1.0.0;
				MTL_ENABLE_DEBUG_INFO = INCLUDE_SOURCE;
				MTL_FAST_MATH = YES;
				ONLY_ACTIVE_ARCH = YES;
				PRODUCT_NAME = "$(TARGET_NAME)";
				STRING_CATALOG_GENERATE_SYMBOLS = YES;
				SWIFT_ACTIVE_COMPILATION_CONDITIONS = DEBUG;
				SWIFT_OPTIMIZATION_LEVEL = "-Onone";
				SWIFT_VERSION = 6.0;
				WATCHOS_DEPLOYMENT_TARGET = 10.0;
			};
			name = Debug;
		};
		6D38A0746D2CC4714C46615C /* Release */ = {
			isa = XCBuildConfiguration;
			buildSettings = {
				ALWAYS_SEARCH_USER_PATHS = NO;
				CLANG_ANALYZER_LOCALIZABILITY_NONLOCALIZED = YES;
				CLANG_ANALYZER_NONNULL = YES;
				CLANG_ANALYZER_NUMBER_OBJECT_CONVERSION = YES_AGGRESSIVE;
				CLANG_CXX_LANGUAGE_STANDARD = "gnu++14";
				CLANG_CXX_LIBRARY = "libc++";
				CLANG_ENABLE_MODULES = YES;
				CLANG_ENABLE_OBJC_ARC = YES;
				CLANG_ENABLE_OBJC_WEAK = YES;
				CLANG_WARN_BLOCK_CAPTURE_AUTORELEASING = YES;
				CLANG_WARN_BOOL_CONVERSION = YES;
				CLANG_WARN_COMMA = YES;
				CLANG_WARN_CONSTANT_CONVERSION = YES;
				CLANG_WARN_DEPRECATED_OBJC_IMPLEMENTATIONS = YES;
				CLANG_WARN_DIRECT_OBJC_ISA_USAGE = YES_ERROR;
				CLANG_WARN_DOCUMENTATION_COMMENTS = YES;
				CLANG_WARN_EMPTY_BODY = YES;
				CLANG_WARN_ENUM_CONVERSION = YES;
				CLANG_WARN_INFINITE_RECURSION = YES;
				CLANG_WARN_INT_CONVERSION = YES;
				CLANG_WARN_NON_LITERAL_NULL_CONVERSION = YES;
				CLANG_WARN_OBJC_IMPLICIT_RETAIN_SELF = YES;
				CLANG_WARN_OBJC_LITERAL_CONVERSION = YES;
				CLANG_WARN_OBJC_ROOT_CLASS = YES_ERROR;
				CLANG_WARN_QUOTED_INCLUDE_IN_FRAMEWORK_HEADER = YES;
				CLANG_WARN_RANGE_LOOP_ANALYSIS = YES;
				CLANG_WARN_STRICT_PROTOTYPES = YES;
				CLANG_WARN_SUSPICIOUS_MOVE = YES;
				CLANG_WARN_UNGUARDED_AVAILABILITY = YES_AGGRESSIVE;
				CLANG_WARN_UNREACHABLE_CODE = YES;
				CLANG_WARN__DUPLICATE_METHOD_MATCH = YES;
				COPY_PHASE_STRIP = NO;
				CURRENT_PROJECT_VERSION = 100202606111;
				DEAD_CODE_STRIPPING = YES;
				DEBUG_INFORMATION_FORMAT = "dwarf-with-dsym";
				DEVELOPMENT_TEAM = L2B56644F5;
				ENABLE_NS_ASSERTIONS = NO;
				ENABLE_STRICT_OBJC_MSGSEND = YES;
				ENABLE_USER_SCRIPT_SANDBOXING = YES;
				GCC_C_LANGUAGE_STANDARD = gnu11;
				GCC_NO_COMMON_BLOCKS = YES;
				GCC_WARN_64_TO_32_BIT_CONVERSION = YES;
				GCC_WARN_ABOUT_RETURN_TYPE = YES_ERROR;
				GCC_WARN_UNDECLARED_SELECTOR = YES;
				GCC_WARN_UNINITIALIZED_AUTOS = YES_AGGRESSIVE;
				GCC_WARN_UNUSED_FUNCTION = YES;
				GCC_WARN_UNUSED_VARIABLE = YES;
				IPHONEOS_DEPLOYMENT_TARGET = 17.0;
				LOCALIZED_STRING_SWIFT_SYMBOLS_GENERATION = YES;
				MARKETING_VERSION = 1.0.0;
				MTL_ENABLE_DEBUG_INFO = NO;
				MTL_FAST_MATH = YES;
				PRODUCT_NAME = "$(TARGET_NAME)";
				STRING_CATALOG_GENERATE_SYMBOLS = YES;
				SWIFT_COMPILATION_MODE = wholemodule;
				SWIFT_OPTIMIZATION_LEVEL = "-O";
				SWIFT_VERSION = 6.0;
				WATCHOS_DEPLOYMENT_TARGET = 10.0;
			};
			name = Release;
		};
		6F3AB2473C31CC9ACB9BC34A /* Debug */ = {
			isa = XCBuildConfiguration;
			buildSettings = {
				ASSETCATALOG_COMPILER_APPICON_NAME = StreakRepFit2;
				CODE_SIGN_ENTITLEMENTS = RepsWatch/RepsWatch.entitlements;
				GENERATE_INFOPLIST_FILE = NO;
				INFOPLIST_FILE = RepsWatch/Info.plist;
				LD_RUNPATH_SEARCH_PATHS = (
					"$(inherited)",
					"@executable_path/Frameworks",
				);
				PRODUCT_BUNDLE_IDENTIFIER = com.romerodev.repsfitness.watchkitapp;
				SDKROOT = watchos;
				SKIP_INSTALL = YES;
				TARGETED_DEVICE_FAMILY = 4;
				WATCHOS_DEPLOYMENT_TARGET = 10.0;
			};
			name = Debug;
		};
		919CA4D77571434F7FBB6526 /* Release */ = {
			isa = XCBuildConfiguration;
			buildSettings = {
				ASSETCATALOG_COMPILER_APPICON_NAME = StreakRepFit2;
				ASSETCATALOG_COMPILER_GLOBAL_ACCENT_COLOR_NAME = AccentColor;
				CODE_SIGN_ENTITLEMENTS = Reps/Reps.entitlements;
				CODE_SIGN_IDENTITY = "iPhone Developer";
				INFOPLIST_FILE = Reps/Info.plist;
				INFOPLIST_KEY_LSApplicationCategoryType = "public.app-category.healthcare-fitness";
				IPHONEOS_DEPLOYMENT_TARGET = 17.0;
				LD_RUNPATH_SEARCH_PATHS = (
					"$(inherited)",
					"@executable_path/Frameworks",
				);
				PRODUCT_BUNDLE_IDENTIFIER = com.romerodev.repsfitness;
				SDKROOT = iphoneos;
				TARGETED_DEVICE_FAMILY = "1,2";
			};
			name = Release;
		};
		9299C2FF0FEA7A16B18BBE80 /* Debug */ = {
			isa = XCBuildConfiguration;
			buildSettings = {
				BUNDLE_LOADER = "$(TEST_HOST)";
				GENERATE_INFOPLIST_FILE = YES;
				IPHONEOS_DEPLOYMENT_TARGET = 17.0;
				LD_RUNPATH_SEARCH_PATHS = (
					"$(inherited)",
					"@executable_path/Frameworks",
					"@loader_path/Frameworks",
				);
				PRODUCT_BUNDLE_IDENTIFIER = com.romerodev.repsfitness.tests;
				SDKROOT = iphoneos;
				TARGETED_DEVICE_FAMILY = "1,2";
				TEST_HOST = "$(BUILT_PRODUCTS_DIR)/Reps.app/Reps";
			};
			name = Debug;
		};
		CEFD8405E7DEF8522AA68218 /* Release */ = {
			isa = XCBuildConfiguration;
			buildSettings = {
				ASSETCATALOG_COMPILER_APPICON_NAME = StreakRepFit2;
				CODE_SIGN_ENTITLEMENTS = RepsWatch/RepsWatch.entitlements;
				GENERATE_INFOPLIST_FILE = NO;
				INFOPLIST_FILE = RepsWatch/Info.plist;
				LD_RUNPATH_SEARCH_PATHS = (
					"$(inherited)",
					"@executable_path/Frameworks",
				);
				PRODUCT_BUNDLE_IDENTIFIER = com.romerodev.repsfitness.watchkitapp;
				SDKROOT = watchos;
				SKIP_INSTALL = YES;
				TARGETED_DEVICE_FAMILY = 4;
				WATCHOS_DEPLOYMENT_TARGET = 10.0;
			};
			name = Release;
		};
		F113E1ACAFB6BBBBFE43990F /* Debug */ = {
			isa = XCBuildConfiguration;
			buildSettings = {
				CODE_SIGN_ENTITLEMENTS = RepsWidgets/RepsWidgets.entitlements;
				INFOPLIST_FILE = RepsWidgets/Info.plist;
				IPHONEOS_DEPLOYMENT_TARGET = 17.0;
				LD_RUNPATH_SEARCH_PATHS = (
					"$(inherited)",
					"@executable_path/Frameworks",
					"@executable_path/../../Frameworks",
				);
				PRODUCT_BUNDLE_IDENTIFIER = com.romerodev.repsfitness.widgets;
				SDKROOT = iphoneos;
				SKIP_INSTALL = YES;
				TARGETED_DEVICE_FAMILY = "1,2";
			};
			name = Debug;
		};
		F971A50523106F9D988E0976 /* Release */ = {
			isa = XCBuildConfiguration;
			buildSettings = {
				BUNDLE_LOADER = "$(TEST_HOST)";
				GENERATE_INFOPLIST_FILE = YES;
				IPHONEOS_DEPLOYMENT_TARGET = 17.0;
				LD_RUNPATH_SEARCH_PATHS = (
					"$(inherited)",
					"@executable_path/Frameworks",
					"@loader_path/Frameworks",
				);
				PRODUCT_BUNDLE_IDENTIFIER = com.romerodev.repsfitness.tests;
				SDKROOT = iphoneos;
				TARGETED_DEVICE_FAMILY = "1,2";
				TEST_HOST = "$(BUILT_PRODUCTS_DIR)/Reps.app/Reps";
			};
			name = Release;
		};
/* End XCBuildConfiguration section */

/* Begin XCConfigurationList section */
		1A484B176691E754227BAF84 /* Build configuration list for PBXNativeTarget "Reps" */ = {
			isa = XCConfigurationList;
			buildConfigurations = (
				35EFD3E117AF290EBCB00260 /* Debug */,
				919CA4D77571434F7FBB6526 /* Release */,
			);
			defaultConfigurationIsVisible = 0;
			defaultConfigurationName = Debug;
		};
		2582C68A8861D4352CC16B47 /* Build configuration list for PBXNativeTarget "RepsTests" */ = {
			isa = XCConfigurationList;
			buildConfigurations = (
				9299C2FF0FEA7A16B18BBE80 /* Debug */,
				F971A50523106F9D988E0976 /* Release */,
			);
			defaultConfigurationIsVisible = 0;
			defaultConfigurationName = Debug;
		};
		2F5E63F64E88F97EC0641924 /* Build configuration list for PBXNativeTarget "RepsWatch Watch App" */ = {
			isa = XCConfigurationList;
			buildConfigurations = (
				6F3AB2473C31CC9ACB9BC34A /* Debug */,
				CEFD8405E7DEF8522AA68218 /* Release */,
			);
			defaultConfigurationIsVisible = 0;
			defaultConfigurationName = Debug;
		};
		331473FA42A8BD7867C62593 /* Build configuration list for PBXNativeTarget "RepsWidgets" */ = {
			isa = XCConfigurationList;
			buildConfigurations = (
				F113E1ACAFB6BBBBFE43990F /* Debug */,
				10DD82A98FE002A65FCA87DB /* Release */,
			);
			defaultConfigurationIsVisible = 0;
			defaultConfigurationName = Debug;
		};
		6E01C31FF6A49288626E1C68 /* Build configuration list for PBXProject "Reps" */ = {
			isa = XCConfigurationList;
			buildConfigurations = (
				3A2FDE58DD79E3CA846E99A4 /* Debug */,
				6D38A0746D2CC4714C46615C /* Release */,
			);
			defaultConfigurationIsVisible = 0;
			defaultConfigurationName = Debug;
		};
/* End XCConfigurationList section */

/* Begin XCRemoteSwiftPackageReference section */
		B796D536650665857BCBB164 /* XCRemoteSwiftPackageReference "MuscleMap" */ = {
			isa = XCRemoteSwiftPackageReference;
			repositoryURL = "https://github.com/melihcolpan/MuscleMap.git";
			requirement = {
				kind = upToNextMajorVersion;
				minimumVersion = 1.6.4;
			};
		};
		E81435B87D8EAD7AF7183E95 /* XCRemoteSwiftPackageReference "firebase-ios-sdk" */ = {
			isa = XCRemoteSwiftPackageReference;
			repositoryURL = "https://github.com/firebase/firebase-ios-sdk.git";
			requirement = {
				kind = upToNextMajorVersion;
				minimumVersion = 12.14.0;
			};
		};
/* End XCRemoteSwiftPackageReference section */

/* Begin XCSwiftPackageProductDependency section */
		016469A6A68954175E523473 /* FirebaseAnalyticsIdentitySupport */ = {
			isa = XCSwiftPackageProductDependency;
			package = E81435B87D8EAD7AF7183E95 /* XCRemoteSwiftPackageReference "firebase-ios-sdk" */;
			productName = FirebaseAnalyticsIdentitySupport;
		};
		43D2C559C1D1ABC75D72F78B /* FirebaseCrashlytics */ = {
			isa = XCSwiftPackageProductDependency;
			package = E81435B87D8EAD7AF7183E95 /* XCRemoteSwiftPackageReference "firebase-ios-sdk" */;
			productName = FirebaseCrashlytics;
		};
		766FB1A6046B42B9314E51D5 /* FirebaseCore */ = {
			isa = XCSwiftPackageProductDependency;
			package = E81435B87D8EAD7AF7183E95 /* XCRemoteSwiftPackageReference "firebase-ios-sdk" */;
			productName = FirebaseCore;
		};
		8BF3142C9A82498970AF3638 /* MuscleMap */ = {
			isa = XCSwiftPackageProductDependency;
			package = B796D536650665857BCBB164 /* XCRemoteSwiftPackageReference "MuscleMap" */;
			productName = MuscleMap;
		};
		A919F65DA9E48BD686C70574 /* FirebaseAnalyticsCore */ = {
			isa = XCSwiftPackageProductDependency;
			package = E81435B87D8EAD7AF7183E95 /* XCRemoteSwiftPackageReference "firebase-ios-sdk" */;
			productName = FirebaseAnalyticsCore;
		};
		DA28B06B7F90192F1E87EA1F /* FirebaseAnalytics */ = {
			isa = XCSwiftPackageProductDependency;
			package = E81435B87D8EAD7AF7183E95 /* XCRemoteSwiftPackageReference "firebase-ios-sdk" */;
			productName = FirebaseAnalytics;
		};
/* End XCSwiftPackageProductDependency section */
	};
	rootObject = DE75462DF504AF873BF6E8DE /* Project object */;
}
